// !$*UTF8*$!
{
	archiveVersion = 1;
	classes = {
	};
	objectVersion = 46;
	objects = {

/* Begin PBXBuildFile section */
		9F4E3B8719774EAA0009CD04 /* Guest.m in Sources */ = {isa = PBXBuildFile; fileRef = 9F4E3B8619774EAA0009CD04 /* Guest.m */; };
		9F65925A18F0BFD000427EC4 /* Foundation.framework in Frameworks */ = {isa = PBXBuildFile; fileRef = 9F65925918F0BFD000427EC4 /* Foundation.framework */; };
		9F65925C18F0BFD000427EC4 /* CoreGraphics.framework in Frameworks */ = {isa = PBXBuildFile; fileRef = 9F65925B18F0BFD000427EC4 /* CoreGraphics.framework */; };
		9F65925E18F0BFD000427EC4 /* UIKit.framework in Frameworks */ = {isa = PBXBuildFile; fileRef = 9F65925D18F0BFD000427EC4 /* UIKit.framework */; };
		9F65926418F0BFD000427EC4 /* InfoPlist.strings in Resources */ = {isa = PBXBuildFile; fileRef = 9F65926218F0BFD000427EC4 /* InfoPlist.strings */; };
		9F65926618F0BFD000427EC4 /* main.m in Sources */ = {isa = PBXBuildFile; fileRef = 9F65926518F0BFD000427EC4 /* main.m */; };
		9F65926A18F0BFD000427EC4 /* SplitTabAppDelegate.m in Sources */ = {isa = PBXBuildFile; fileRef = 9F65926918F0BFD000427EC4 /* SplitTabAppDelegate.m */; };
		9F65926D18F0BFD000427EC4 /* Main.storyboard in Resources */ = {isa = PBXBuildFile; fileRef = 9F65926B18F0BFD000427EC4 /* Main.storyboard */; };
		9F65927018F0BFD000427EC4 /* SplitTabViewController.m in Sources */ = {isa = PBXBuildFile; fileRef = 9F65926F18F0BFD000427EC4 /* SplitTabViewController.m */; };
		9F65927218F0BFD000427EC4 /* Images.xcassets in Resources */ = {isa = PBXBuildFile; fileRef = 9F65927118F0BFD000427EC4 /* Images.xcassets */; };
		9F65927918F0BFD000427EC4 /* XCTest.framework in Frameworks */ = {isa = PBXBuildFile; fileRef = 9F65927818F0BFD000427EC4 /* XCTest.framework */; };
		9F65927A18F0BFD000427EC4 /* Foundation.framework in Frameworks */ = {isa = PBXBuildFile; fileRef = 9F65925918F0BFD000427EC4 /* Foundation.framework */; };
		9F65927B18F0BFD000427EC4 /* UIKit.framework in Frameworks */ = {isa = PBXBuildFile; fileRef = 9F65925D18F0BFD000427EC4 /* UIKit.framework */; };
		9F65928318F0BFD000427EC4 /* InfoPlist.strings in Resources */ = {isa = PBXBuildFile; fileRef = 9F65928118F0BFD000427EC4 /* InfoPlist.strings */; };
		9F65928518F0BFD000427EC4 /* SplitTabTests.m in Sources */ = {isa = PBXBuildFile; fileRef = 9F65928418F0BFD000427EC4 /* SplitTabTests.m */; };
/* End PBXBuildFile section */

/* Begin PBXContainerItemProxy section */
		9F65927C18F0BFD000427EC4 /* PBXContainerItemProxy */ = {
			isa = PBXContainerItemProxy;
			containerPortal = 9F65924E18F0BFD000427EC4 /* Project object */;
			proxyType = 1;
			remoteGlobalIDString = 9F65925518F0BFD000427EC4;
			remoteInfo = SplitTab;
		};
/* End PBXContainerItemProxy section */

/* Begin PBXFileReference section */
		9F4E3B8519774EAA0009CD04 /* Guest.h */ = {isa = PBXFileReference; fileEncoding = 4; lastKnownFileType = sourcecode.c.h; path = Guest.h; sourceTree = "<group>"; };
		9F4E3B8619774EAA0009CD04 /* Guest.m */ = {isa = PBXFileReference; fileEncoding = 4; lastKnownFileType = sourcecode.c.objc; path = Guest.m; sourceTree = "<group>"; };
		9F65925618F0BFD000427EC4 /* SplitTab.app */ = {isa = PBXFileReference; explicitFileType = wrapper.application; includeInIndex = 0; path = SplitTab.app; sourceTree = BUILT_PRODUCTS_DIR; };
		9F65925918F0BFD000427EC4 /* Foundation.framework */ = {isa = PBXFileReference; lastKnownFileType = wrapper.framework; name = Foundation.framework; path = System/Library/Frameworks/Foundation.framework; sourceTree = SDKROOT; };
		9F65925B18F0BFD000427EC4 /* CoreGraphics.framework */ = {isa = PBXFileReference; lastKnownFileType = wrapper.framework; name = CoreGraphics.framework; path = System/Library/Frameworks/CoreGraphics.framework; sourceTree = SDKROOT; };
		9F65925D18F0BFD000427EC4 /* UIKit.framework */ = {isa = PBXFileReference; lastKnownFileType = wrapper.framework; name = UIKit.framework; path = System/Library/Frameworks/UIKit.framework; sourceTree = SDKROOT; };
		9F65926118F0BFD000427EC4 /* SplitTab-Info.plist */ = {isa = PBXFileReference; lastKnownFileType = text.plist.xml; path = "SplitTab-Info.plist"; sourceTree = "<group>"; };
		9F65926318F0BFD000427EC4 /* en */ = {isa = PBXFileReference; lastKnownFileType = text.plist.strings; name = en; path = en.lproj/InfoPlist.strings; sourceTree = "<group>"; };
		9F65926518F0BFD000427EC4 /* main.m */ = {isa = PBXFileReference; lastKnownFileType = sourcecode.c.objc; path = main.m; sourceTree = "<group>"; };
		9F65926718F0BFD000427EC4 /* SplitTab-Prefix.pch */ = {isa = PBXFileReference; lastKnownFileType = sourcecode.c.h; path = "SplitTab-Prefix.pch"; sourceTree = "<group>"; };
		9F65926818F0BFD000427EC4 /* SplitTabAppDelegate.h */ = {isa = PBXFileReference; lastKnownFileType = sourcecode.c.h; path = SplitTabAppDelegate.h; sourceTree = "<group>"; };
		9F65926918F0BFD000427EC4 /* SplitTabAppDelegate.m */ = {isa = PBXFileReference; lastKnownFileType = sourcecode.c.objc; path = SplitTabAppDelegate.m; sourceTree = "<group>"; };
		9F65926C18F0BFD000427EC4 /* Base */ = {isa = PBXFileReference; lastKnownFileType = file.storyboard; name = Base; path = Base.lproj/Main.storyboard; sourceTree = "<group>"; };
		9F65926E18F0BFD000427EC4 /* SplitTabViewController.h */ = {isa = PBXFileReference; lastKnownFileType = sourcecode.c.h; path = SplitTabViewController.h; sourceTree = "<group>"; };
		9F65926F18F0BFD000427EC4 /* SplitTabViewController.m */ = {isa = PBXFileReference; lastKnownFileType = sourcecode.c.objc; path = SplitTabViewController.m; sourceTree = "<group>"; };
		9F65927118F0BFD000427EC4 /* Images.xcassets */ = {isa = PBXFileReference; lastKnownFileType = folder.assetcatalog; path = Images.xcassets; sourceTree = "<group>"; };
		9F65927718F0BFD000427EC4 /* SplitTabTests.xctest */ = {isa = PBXFileReference; explicitFileType = wrapper.cfbundle; includeInIndex = 0; path = SplitTabTests.xctest; sourceTree = BUILT_PRODUCTS_DIR; };
		9F65927818F0BFD000427EC4 /* XCTest.framework */ = {isa = PBXFileReference; lastKnownFileType = wrapper.framework; name = XCTest.framework; path = Library/Frameworks/XCTest.framework; sourceTree = DEVELOPER_DIR; };
		9F65928018F0BFD000427EC4 /* SplitTabTests-Info.plist */ = {isa = PBXFileReference; lastKnownFileType = text.plist.xml; path = "SplitTabTests-Info.plist"; sourceTree = "<group>"; };
		9F65928218F0BFD000427EC4 /* en */ = {isa = PBXFileReference; lastKnownFileType = text.plist.strings; name = en; path = en.lproj/InfoPlist.strings; sourceTree = "<group>"; };
		9F65928418F0BFD000427EC4 /* SplitTabTests.m */ = {isa = PBXFileReference; lastKnownFileType = sourcecode.c.objc; path = SplitTabTests.m; sourceTree = "<group>"; };
/* End PBXFileReference section */

/* Begin PBXFrameworksBuildPhase section */
		9F65925318F0BFD000427EC4 /* Frameworks */ = {
			isa = PBXFrameworksBuildPhase;
			buildActionMask = 2147483647;
			files = (
				9F65925C18F0BFD000427EC4 /* CoreGraphics.framework in Frameworks */,
				9F65925E18F0BFD000427EC4 /* UIKit.framework in Frameworks */,
				9F65925A18F0BFD000427EC4 /* Foundation.framework in Frameworks */,
			);
			runOnlyForDeploymentPostprocessing = 0;
		};
		9F65927418F0BFD000427EC4 /* Frameworks */ = {
			isa = PBXFrameworksBuildPhase;
			buildActionMask = 2147483647;
			files = (
				9F65927918F0BFD000427EC4 /* XCTest.framework in Frameworks */,
				9F65927B18F0BFD000427EC4 /* UIKit.framework in Frameworks */,
				9F65927A18F0BFD000427EC4 /* Foundation.framework in Frameworks */,
			);
			runOnlyForDeploymentPostprocessing = 0;
		};
/* End PBXFrameworksBuildPhase section */

/* Begin PBXGroup section */
		9F65924D18F0BFD000427EC4 = {
			isa = PBXGroup;
			children = (
				9F65925F18F0BFD000427EC4 /* SplitTab */,
				9F65927E18F0BFD000427EC4 /* SplitTabTests */,
				9F65925818F0BFD000427EC4 /* Frameworks */,
				9F65925718F0BFD000427EC4 /* Products */,
			);
			sourceTree = "<group>";
		};
		9F65925718F0BFD000427EC4 /* Products */ = {
			isa = PBXGroup;
			children = (
				9F65925618F0BFD000427EC4 /* SplitTab.app */,
				9F65927718F0BFD000427EC4 /* SplitTabTests.xctest */,
			);
			name = Products;
			sourceTree = "<group>";
		};
		9F65925818F0BFD000427EC4 /* Frameworks */ = {
			isa = PBXGroup;
			children = (
				9F65925918F0BFD000427EC4 /* Foundation.framework */,
				9F65925B18F0BFD000427EC4 /* CoreGraphics.framework */,
				9F65925D18F0BFD000427EC4 /* UIKit.framework */,
				9F65927818F0BFD000427EC4 /* XCTest.framework */,
			);
			name = Frameworks;
			sourceTree = "<group>";
		};
		9F65925F18F0BFD000427EC4 /* SplitTab */ = {
			isa = PBXGroup;
			children = (
				9F65926818F0BFD000427EC4 /* SplitTabAppDelegate.h */,
				9F65926918F0BFD000427EC4 /* SplitTabAppDelegate.m */,
				9F65926B18F0BFD000427EC4 /* Main.storyboard */,
				9F4E3B8519774EAA0009CD04 /* Guest.h */,
				9F4E3B8619774EAA0009CD04 /* Guest.m */,
				9F65926E18F0BFD000427EC4 /* SplitTabViewController.h */,
				9F65926F18F0BFD000427EC4 /* SplitTabViewController.m */,
				9F65927118F0BFD000427EC4 /* Images.xcassets */,
				9F65926018F0BFD000427EC4 /* Supporting Files */,
			);
			path = SplitTab;
			sourceTree = "<group>";
		};
		9F65926018F0BFD000427EC4 /* Supporting Files */ = {
			isa = PBXGroup;
			children = (
				9F65926118F0BFD000427EC4 /* SplitTab-Info.plist */,
				9F65926218F0BFD000427EC4 /* InfoPlist.strings */,
				9F65926518F0BFD000427EC4 /* main.m */,
				9F65926718F0BFD000427EC4 /* SplitTab-Prefix.pch */,
			);
			name = "Supporting Files";
			sourceTree = "<group>";
		};
		9F65927E18F0BFD000427EC4 /* SplitTabTests */ = {
			isa = PBXGroup;
			children = (
				9F65928418F0BFD000427EC4 /* SplitTabTests.m */,
				9F65927F18F0BFD000427EC4 /* Supporting Files */,
			);
			path = SplitTabTests;
			sourceTree = "<group>";
		};
		9F65927F18F0BFD000427EC4 /* Supporting Files */ = {
			isa = PBXGroup;
			children = (
				9F65928018F0BFD000427EC4 /* SplitTabTests-Info.plist */,
				9F65928118F0BFD000427EC4 /* InfoPlist.strings */,
			);
			name = "Supporting Files";
			sourceTree = "<group>";
		};
/* End PBXGroup section */

/* Begin PBXNativeTarget section */
		9F65925518F0BFD000427EC4 /* SplitTab */ = {
			isa = PBXNativeTarget;
			buildConfigurationList = 9F65928818F0BFD000427EC4 /* Build configuration list for PBXNativeTarget "SplitTab" */;
			buildPhases = (
				9F65925218F0BFD000427EC4 /* Sources */,
				9F65925318F0BFD000427EC4 /* Frameworks */,
				9F65925418F0BFD000427EC4 /* Resources */,
			);
			buildRules = (
			);
			dependencies = (
			);
			name = SplitTab;
			productName = SplitTab;
			productReference = 9F65925618F0BFD000427EC4 /* SplitTab.app */;
			productType = "com.apple.product-type.application";
		};
		9F65927618F0BFD000427EC4 /* SplitTabTests */ = {
			isa = PBXNativeTarget;
			buildConfigurationList = 9F65928B18F0BFD000427EC4 /* Build configuration list for PBXNativeTarget "SplitTabTests" */;
			buildPhases = (
				9F65927318F0BFD000427EC4 /* Sources */,
				9F65927418F0BFD000427EC4 /* Frameworks */,
				9F65927518F0BFD000427EC4 /* Resources */,
			);
			buildRules = (
			);
			dependencies = (
				9F65927D18F0BFD000427EC4 /* PBXTargetDependency */,
			);
			name = SplitTabTests;
			productName = SplitTabTests;
			productReference = 9F65927718F0BFD000427EC4 /* SplitTabTests.xctest */;
			productType = "com.apple.product-type.bundle.unit-test";
		};
/* End PBXNativeTarget section */

/* Begin PBXProject section */
		9F65924E18F0BFD000427EC4 /* Project object */ = {
			isa = PBXProject;
			attributes = {
				CLASSPREFIX = SplitTab;
				LastUpgradeCheck = 0510;
				ORGANIZATIONNAME = FUZZYturtles;
				TargetAttributes = {
					9F65927618F0BFD000427EC4 = {
						TestTargetID = 9F65925518F0BFD000427EC4;
					};
				};
			};
			buildConfigurationList = 9F65925118F0BFD000427EC4 /* Build configuration list for PBXProject "SplitTab" */;
			compatibilityVersion = "Xcode 3.2";
			developmentRegion = English;
			hasScannedForEncodings = 0;
			knownRegions = (
				en,
				Base,
			);
			mainGroup = 9F65924D18F0BFD000427EC4;
			productRefGroup = 9F65925718F0BFD000427EC4 /* Products */;
			projectDirPath = "";
			projectRoot = "";
			targets = (
				9F65925518F0BFD000427EC4 /* SplitTab */,
				9F65927618F0BFD000427EC4 /* SplitTabTests */,
			);
		};
/* End PBXProject section */

/* Begin PBXResourcesBuildPhase section */
		9F65925418F0BFD000427EC4 /* Resources */ = {
			isa = PBXResourcesBuildPhase;
			buildActionMask = 2147483647;
			files = (
				9F65927218F0BFD000427EC4 /* Images.xcassets in Resources */,
				9F65926418F0BFD000427EC4 /* InfoPlist.strings in Resources */,
				9F65926D18F0BFD000427EC4 /* Main.storyboard in Resources */,
			);
			runOnlyForDeploymentPostprocessing = 0;
		};
		9F65927518F0BFD000427EC4 /* Resources */ = {
			isa = PBXResourcesBuildPhase;
			buildActionMask = 2147483647;
			files = (
				9F65928318F0BFD000427EC4 /* InfoPlist.strings in Resources */,
			);
			runOnlyForDeploymentPostprocessing = 0;
		};
/* End PBXResourcesBuildPhase section */

/* Begin PBXSourcesBuildPhase section */
		9F65925218F0BFD000427EC4 /* Sources */ = {
			isa = PBXSourcesBuildPhase;
			buildActionMask = 2147483647;
			files = (
				9F65927018F0BFD000427EC4 /* SplitTabViewController.m in Sources */,
				9F65926618F0BFD000427EC4 /* main.m in Sources */,
				9F4E3B8719774EAA0009CD04 /* Guest.m in Sources */,
				9F65926A18F0BFD000427EC4 /* SplitTabAppDelegate.m in Sources */,
			);
			runOnlyForDeploymentPostprocessing = 0;
		};
		9F65927318F0BFD000427EC4 /* Sources */ = {
			isa = PBXSourcesBuildPhase;
			buildActionMask = 2147483647;
			files = (
				9F65928518F0BFD000427EC4 /* SplitTabTests.m in Sources */,
			);
			runOnlyForDeploymentPostprocessing = 0;
		};
/* End PBXSourcesBuildPhase section */

/* Begin PBXTargetDependency section */
		9F65927D18F0BFD000427EC4 /* PBXTargetDependency */ = {
			isa = PBXTargetDependency;
			target = 9F65925518F0BFD000427EC4 /* SplitTab */;
			targetProxy = 9F65927C18F0BFD000427EC4 /* PBXContainerItemProxy */;
		};
/* End PBXTargetDependency section */

/* Begin PBXVariantGroup section */
		9F65926218F0BFD000427EC4 /* InfoPlist.strings */ = {
			isa = PBXVariantGroup;
			children = (
				9F65926318F0BFD000427EC4 /* en */,
			);
			name = InfoPlist.strings;
			sourceTree = "<group>";
		};
		9F65926B18F0BFD000427EC4 /* Main.storyboard */ = {
			isa = PBXVariantGroup;
			children = (
				9F65926C18F0BFD000427EC4 /* Base */,
			);
			name = Main.storyboard;
			sourceTree = "<group>";
		};
		9F65928118F0BFD000427EC4 /* InfoPlist.strings */ = {
			isa = PBXVariantGroup;
			children = (
				9F65928218F0BFD000427EC4 /* en */,
			);
			name = InfoPlist.strings;
			sourceTree = "<group>";
		};
/* End PBXVariantGroup section */

/* Begin XCBuildConfiguration section */
		9F65928618F0BFD000427EC4 /* Debug */ = {
			isa = XCBuildConfiguration;
			buildSettings = {
				ALWAYS_SEARCH_USER_PATHS = NO;
				CLANG_CXX_LANGUAGE_STANDARD = "gnu++0x";
				CLANG_CXX_LIBRARY = "libc++";
				CLANG_ENABLE_MODULES = YES;
				CLANG_ENABLE_OBJC_ARC = YES;
				CLANG_WARN_BOOL_CONVERSION = YES;
				CLANG_WARN_CONSTANT_CONVERSION = YES;
				CLANG_WARN_DIRECT_OBJC_ISA_USAGE = YES_ERROR;
				CLANG_WARN_EMPTY_BODY = YES;
				CLANG_WARN_ENUM_CONVERSION = YES;
				CLANG_WARN_INT_CONVERSION = YES;
				CLANG_WARN_OBJC_ROOT_CLASS = YES_ERROR;
				CLANG_WARN__DUPLICATE_METHOD_MATCH = YES;
				"CODE_SIGN_IDENTITY[sdk=iphoneos*]" = "iPhone Developer";
				COPY_PHASE_STRIP = NO;
				GCC_C_LANGUAGE_STANDARD = gnu99;
				GCC_DYNAMIC_NO_PIC = NO;
				GCC_OPTIMIZATION_LEVEL = 0;
				GCC_PREPROCESSOR_DEFINITIONS = (
					"DEBUG=1",
					"$(inherited)",
				);
				GCC_SYMBOLS_PRIVATE_EXTERN = NO;
				GCC_WARN_64_TO_32_BIT_CONVERSION = YES;
				GCC_WARN_ABOUT_RETURN_TYPE = YES_ERROR;
				GCC_WARN_UNDECLARED_SELECTOR = YES;
				GCC_WARN_UNINITIALIZED_AUTOS = YES_AGGRESSIVE;
				GCC_WARN_UNUSED_FUNCTION = YES;
				GCC_WARN_UNUSED_VARIABLE = YES;
				IPHONEOS_DEPLOYMENT_TARGET = 7.1;
				ONLY_ACTIVE_ARCH = YES;
				SDKROOT = iphoneos;
			};
			name = Debug;
		};
		9F65928718F0BFD000427EC4 /* Release */ = {
			isa = XCBuildConfiguration;
			buildSettings = {
				ALWAYS_SEARCH_USER_PATHS = NO;
				CLANG_CXX_LANGUAGE_STANDARD = "gnu++0x";
				CLANG_CXX_LIBRARY = "libc++";
				CLANG_ENABLE_MODULES = YES;
				CLANG_ENABLE_OBJC_ARC = YES;
				CLANG_WARN_BOOL_CONVERSION = YES;
				CLANG_WARN_CONSTANT_CONVERSION = YES;
				CLANG_WARN_DIRECT_OBJC_ISA_USAGE = YES_ERROR;
				CLANG_WARN_EMPTY_BODY = YES;
				CLANG_WARN_ENUM_CONVERSION = YES;
				CLANG_WARN_INT_CONVERSION = YES;
				CLANG_WARN_OBJC_ROOT_CLASS = YES_ERROR;
				CLANG_WARN__DUPLICATE_METHOD_MATCH = YES;
				"CODE_SIGN_IDENTITY[sdk=iphoneos*]" = "iPhone Developer";
				COPY_PHASE_STRIP = YES;
				ENABLE_NS_ASSERTIONS = NO;
				GCC_C_LANGUAGE_STANDARD = gnu99;
				GCC_WARN_64_TO_32_BIT_CONVERSION = YES;
				GCC_WARN_ABOUT_RETURN_TYPE = YES_ERROR;
				GCC_WARN_UNDECLARED_SELECTOR = YES;
				GCC_WARN_UNINITIALIZED_AUTOS = YES_AGGRESSIVE;
				GCC_WARN_UNUSED_FUNCTION = YES;
				GCC_WARN_UNUSED_VARIABLE = YES;
				IPHONEOS_DEPLOYMENT_TARGET = 7.1;
				SDKROOT = iphoneos;
				VALIDATE_PRODUCT = YES;
			};
			name = Release;
		};
		9F65928918F0BFD000427EC4 /* Debug */ = {
			isa = XCBuildConfiguration;
			buildSettings = {
				ASSETCATALOG_COMPILER_APPICON_NAME = AppIcon;
				ASSETCATALOG_COMPILER_LAUNCHIMAGE_NAME = LaunchImage;
				GCC_PRECOMPILE_PREFIX_HEADER = YES;
				GCC_PREFIX_HEADER = "SplitTab/SplitTab-Prefix.pch";
				INFOPLIST_FILE = "SplitTab/SplitTab-Info.plist";
				PRODUCT_NAME = "$(TARGET_NAME)";
				WRAPPER_EXTENSION = app;
			};
			name = Debug;
		};
		9F65928A18F0BFD000427EC4 /* Release */ = {
			isa = XCBuildConfiguration;
			buildSettings = {
				ASSETCATALOG_COMPILER_APPICON_NAME = AppIcon;
				ASSETCATALOG_COMPILER_LAUNCHIMAGE_NAME = LaunchImage;
				GCC_PRECOMPILE_PREFIX_HEADER = YES;
				GCC_PREFIX_HEADER = "SplitTab/SplitTab-Prefix.pch";
				INFOPLIST_FILE = "SplitTab/SplitTab-Info.plist";
				PRODUCT_NAME = "$(TARGET_NAME)";
				WRAPPER_EXTENSION = app;
			};
			name = Release;
		};
		9F65928C18F0BFD000427EC4 /* Debug */ = {
			isa = XCBuildConfiguration;
			buildSettings = {
				BUNDLE_LOADER = "$(BUILT_PRODUCTS_DIR)/SplitTab.app/SplitTab";
				FRAMEWORK_SEARCH_PATHS = (
					"$(SDKROOT)/Developer/Library/Frameworks",
					"$(inherited)",
					"$(DEVELOPER_FRAMEWORKS_DIR)",
				);
				GCC_PRECOMPILE_PREFIX_HEADER = YES;
				GCC_PREFIX_HEADER = "SplitTab/SplitTab-Prefix.pch";
				GCC_PREPROCESSOR_DEFINITIONS = (
					"DEBUG=1",
					"$(inherited)",
				);
				INFOPLIST_FILE = "SplitTabTests/SplitTabTests-Info.plist";
				PRODUCT_NAME = "$(TARGET_NAME)";
				TEST_HOST = "$(BUNDLE_LOADER)";
				WRAPPER_EXTENSION = xctest;
			};
			name = Debug;
		};
		9F65928D18F0BFD000427EC4 /* Release */ = {
			isa = XCBuildConfiguration;
			buildSettings = {
				BUNDLE_LOADER = "$(BUILT_PRODUCTS_DIR)/SplitTab.app/SplitTab";
				FRAMEWORK_SEARCH_PATHS = (
					"$(SDKROOT)/Developer/Library/Frameworks",
					"$(inherited)",
					"$(DEVELOPER_FRAMEWORKS_DIR)",
				);
				GCC_PRECOMPILE_PREFIX_HEADER = YES;
				GCC_PREFIX_HEADER = "SplitTab/SplitTab-Prefix.pch";
				INFOPLIST_FILE = "SplitTabTests/SplitTabTests-Info.plist";
				PRODUCT_NAME = "$(TARGET_NAME)";
				TEST_HOST = "$(BUNDLE_LOADER)";
				WRAPPER_EXTENSION = xctest;
			};
			name = Release;
		};
/* End XCBuildConfiguration section */

/* Begin XCConfigurationList section */
		9F65925118F0BFD000427EC4 /* Build configuration list for PBXProject "SplitTab" */ = {
			isa = XCConfigurationList;
			buildConfigurations = (
				9F65928618F0BFD000427EC4 /* Debug */,
				9F65928718F0BFD000427EC4 /* Release */,
			);
			defaultConfigurationIsVisible = 0;
			defaultConfigurationName = Release;
		};
		9F65928818F0BFD000427EC4 /* Build configuration list for PBXNativeTarget "SplitTab" */ = {
			isa = XCConfigurationList;
			buildConfigurations = (
				9F65928918F0BFD000427EC4 /* Debug */,
				9F65928A18F0BFD000427EC4 /* Release */,
			);
			defaultConfigurationIsVisible = 0;
			defaultConfigurationName = Release;
		};
		9F65928B18F0BFD000427EC4 /* Build configuration list for PBXNativeTarget "SplitTabTests" */ = {
			isa = XCConfigurationList;
			buildConfigurations = (
				9F65928C18F0BFD000427EC4 /* Debug */,
				9F65928D18F0BFD000427EC4 /* Release */,
			);
			defaultConfigurationIsVisible = 0;
			defaultConfigurationName = Release;
		};
/* End XCConfigurationList section */
	};
	rootObject = 9F65924E18F0BFD000427EC4 /* Project object */;
}
